PODS:
  - EliAzFramework (1.0.0)

DEPENDENCIES:
  - EliAzFramework (from `/Users/eli/Desktop/TestingFramework/EliAzFramework/EliAzFramework`)

EXTERNAL SOURCES:
  EliAzFramework:
    :path: "/Users/eli/Desktop/TestingFramework/EliAzFramework/EliAzFramework"

SPEC CHECKSUMS:
  EliAzFramework: c48d95530209deec161a381b251686cfd3d0a7aa

PODFILE CHECKSUM: d62ced0bf77ce2dde1efd91c47c7d6303fbd21a0

COCOAPODS: 1.5.3
